
Microsoft Visual Studio Solution File, Format Version 12.00
# Visual Studio Version 17
VisualStudioVersion = 17.1.32328.378
MinimumVisualStudioVersion = 10.0.40219.1
Project("{FAE04EC0-301F-11D3-BF4B-00C04F79EFBC}") = "ConsoleAppMyTelegrammBot", "ConsoleAppMyTelegrammBot\ConsoleAppMyTelegrammBot.csproj", "{16DA4764-3690-42A8-8724-A16D26DCF6F0}"
EndProject
Global
	GlobalSection(SolutionConfigurationPlatforms) = preSolution
		Debug|Any CPU = Debug|Any CPU
		Release|Any CPU = Release|Any CPU
	EndGlobalSection
	GlobalSection(ProjectConfigurationPlatforms) = postSolution
		{16DA4764-3690-42A8-8724-A16D26DCF6F0}.Debug|Any CPU.ActiveCfg = Debug|Any CPU
		{16DA4764-3690-42A8-8724-A16D26DCF6F0}.Debug|Any CPU.Build.0 = Debug|Any CPU
		{16DA4764-3690-42A8-8724-A16D26DCF6F0}.Release|Any CPU.ActiveCfg = Release|Any CPU
		{16DA4764-3690-42A8-8724-A16D26DCF6F0}.Release|Any CPU.Build.0 = Release|Any CPU
	EndGlobalSection
	GlobalSection(SolutionProperties) = preSolution
		HideSolutionNode = FALSE
	EndGlobalSection
	GlobalSection(ExtensibilityGlobals) = postSolution
		SolutionGuid = {F5FF67F8-71BD-435C-8094-7447A892876F}
	EndGlobalSection
EndGlobal
